
Microsoft Visual Studio Solution File, Format Version 12.00
# Visual Studio Version 17
VisualStudioVersion = 17.5.002.0
MinimumVisualStudioVersion = 10.0.40219.1
Project("{9A19103F-16F7-4668-BE54-9A1E7A4F7556}") = "miles_to_km", "miles_to_km.csproj", "{D1EEE406-6BBB-4411-A00E-C1513FCE36DD}"
EndProject
Global
	GlobalSection(SolutionConfigurationPlatforms) = preSolution
		Debug|Any CPU = Debug|Any CPU
		Release|Any CPU = Release|Any CPU
	EndGlobalSection
	GlobalSection(ProjectConfigurationPlatforms) = postSolution
		{D1EEE406-6BBB-4411-A00E-C1513FCE36DD}.Debug|Any CPU.ActiveCfg = Debug|Any CPU
		{D1EEE406-6BBB-4411-A00E-C1513FCE36DD}.Debug|Any CPU.Build.0 = Debug|Any CPU
		{D1EEE406-6BBB-4411-A00E-C1513FCE36DD}.Release|Any CPU.ActiveCfg = Release|Any CPU
		{D1EEE406-6BBB-4411-A00E-C1513FCE36DD}.Release|Any CPU.Build.0 = Release|Any CPU
	EndGlobalSection
	GlobalSection(SolutionProperties) = preSolution
		HideSolutionNode = FALSE
	EndGlobalSection
	GlobalSection(ExtensibilityGlobals) = postSolution
		SolutionGuid = {F5356902-9827-4302-9B8E-1A4E9510A71D}
	EndGlobalSection
EndGlobal
